<?xml version="1.0" encoding="UTF-8"?>
<!DOCTYPE plist PUBLIC "-//Apple//DTD PLIST 1.0//EN" "http://www.apple.com/DTDs/PropertyList-1.0.dtd">
<plist version="1.0">
<dict>
	<key>archiveVersion</key>
	<string>1</string>
	<key>classes</key>
	<dict/>
	<key>objectVersion</key>
	<string>46</string>
	<key>objects</key>
	<dict>
		<key>491F798D1932789D00EF38E4</key>
		<dict>
			<key>children</key>
			<array>
				<string>491F799F1932789D00EF38E4</string>
				<string>491F79C11932789D00EF38E4</string>
				<string>491F79981932789D00EF38E4</string>
				<string>491F79971932789D00EF38E4</string>
				<string>DE76471B414E4395AF679AA4</string>
			</array>
			<key>isa</key>
			<string>PBXGroup</string>
			<key>sourceTree</key>
			<string>&lt;group&gt;</string>
		</dict>
		<key>491F798E1932789D00EF38E4</key>
		<dict>
			<key>attributes</key>
			<dict>
				<key>LastUpgradeCheck</key>
				<string>0510</string>
				<key>ORGANIZATIONNAME</key>
				<string>Jiri Urbasek</string>
				<key>TargetAttributes</key>
				<dict>
					<key>491F79B91932789D00EF38E4</key>
					<dict>
						<key>TestTargetID</key>
						<string>491F79951932789D00EF38E4</string>
					</dict>
				</dict>
			</dict>
			<key>buildConfigurationList</key>
			<string>491F79911932789D00EF38E4</string>
			<key>compatibilityVersion</key>
			<string>Xcode 3.2</string>
			<key>developmentRegion</key>
			<string>English</string>
			<key>hasScannedForEncodings</key>
			<string>0</string>
			<key>isa</key>
			<string>PBXProject</string>
			<key>knownRegions</key>
			<array>
				<string>en</string>
				<string>Base</string>
			</array>
			<key>mainGroup</key>
			<string>491F798D1932789D00EF38E4</string>
			<key>productRefGroup</key>
			<string>491F79971932789D00EF38E4</string>
			<key>projectDirPath</key>
			<string></string>
			<key>projectReferences</key>
			<array/>
			<key>projectRoot</key>
			<string></string>
			<key>targets</key>
			<array>
				<string>491F79951932789D00EF38E4</string>
				<string>491F79B91932789D00EF38E4</string>
			</array>
		</dict>
		<key>491F79911932789D00EF38E4</key>
		<dict>
			<key>buildConfigurations</key>
			<array>
				<string>491F79C91932789E00EF38E4</string>
				<string>491F79CA1932789E00EF38E4</string>
			</array>
			<key>defaultConfigurationIsVisible</key>
			<string>0</string>
			<key>defaultConfigurationName</key>
			<string>Release</string>
			<key>isa</key>
			<string>XCConfigurationList</string>
		</dict>
		<key>491F79921932789D00EF38E4</key>
		<dict>
			<key>buildActionMask</key>
			<string>2147483647</string>
			<key>files</key>
			<array>
				<string>491F79B31932789D00EF38E4</string>
				<string>491F79AA1932789D00EF38E4</string>
				<string>491F79A61932789D00EF38E4</string>
			</array>
			<key>isa</key>
			<string>PBXSourcesBuildPhase</string>
			<key>runOnlyForDeploymentPostprocessing</key>
			<string>0</string>
		</dict>
		<key>491F79931932789D00EF38E4</key>
		<dict>
			<key>buildActionMask</key>
			<string>2147483647</string>
			<key>files</key>
			<array>
				<string>491F799C1932789D00EF38E4</string>
				<string>491F799E1932789D00EF38E4</string>
				<string>491F799A1932789D00EF38E4</string>
				<string>CB7F75D478B74CEE9A577825</string>
			</array>
			<key>isa</key>
			<string>PBXFrameworksBuildPhase</string>
			<key>runOnlyForDeploymentPostprocessing</key>
			<string>0</string>
		</dict>
		<key>491F79941932789D00EF38E4</key>
		<dict>
			<key>buildActionMask</key>
			<string>2147483647</string>
			<key>files</key>
			<array>
				<string>491F79B01932789D00EF38E4</string>
				<string>491F79B51932789D00EF38E4</string>
				<string>491F79AD1932789D00EF38E4</string>
				<string>491F79A41932789D00EF38E4</string>
			</array>
			<key>isa</key>
			<string>PBXResourcesBuildPhase</string>
			<key>runOnlyForDeploymentPostprocessing</key>
			<string>0</string>
		</dict>
		<key>491F79951932789D00EF38E4</key>
		<dict>
			<key>buildConfigurationList</key>
			<string>491F79CB1932789E00EF38E4</string>
			<key>buildPhases</key>
			<array>
				<string>563EF268C2894D44A1750584</string>
				<string>491F79921932789D00EF38E4</string>
				<string>491F79931932789D00EF38E4</string>
				<string>491F79941932789D00EF38E4</string>
				<string>9B60FAF55C984D028F9AB23F</string>
			</array>
			<key>buildRules</key>
			<array/>
			<key>dependencies</key>
			<array/>
			<key>isa</key>
			<string>PBXNativeTarget</string>
			<key>name</key>
			<string>Rekola</string>
			<key>productName</key>
			<string>Rekola</string>
			<key>productReference</key>
			<string>491F79961932789D00EF38E4</string>
			<key>productType</key>
			<string>com.apple.product-type.application</string>
		</dict>
		<key>491F79961932789D00EF38E4</key>
		<dict>
			<key>explicitFileType</key>
			<string>wrapper.application</string>
			<key>includeInIndex</key>
			<string>0</string>
			<key>isa</key>
			<string>PBXFileReference</string>
			<key>path</key>
			<string>Rekola.app</string>
			<key>sourceTree</key>
			<string>BUILT_PRODUCTS_DIR</string>
		</dict>
		<key>491F79971932789D00EF38E4</key>
		<dict>
			<key>children</key>
			<array>
				<string>491F79961932789D00EF38E4</string>
				<string>491F79BA1932789D00EF38E4</string>
			</array>
			<key>isa</key>
			<string>PBXGroup</string>
			<key>name</key>
			<string>Products</string>
			<key>sourceTree</key>
			<string>&lt;group&gt;</string>
		</dict>
		<key>491F79981932789D00EF38E4</key>
		<dict>
			<key>children</key>
			<array>
				<string>491F79991932789D00EF38E4</string>
				<string>491F799B1932789D00EF38E4</string>
				<string>491F799D1932789D00EF38E4</string>
				<string>491F79BB1932789D00EF38E4</string>
				<string>F049A75A63C04208842ED796</string>
			</array>
			<key>isa</key>
			<string>PBXGroup</string>
			<key>name</key>
			<string>Frameworks</string>
			<key>sourceTree</key>
			<string>&lt;group&gt;</string>
		</dict>
		<key>491F79991932789D00EF38E4</key>
		<dict>
			<key>isa</key>
			<string>PBXFileReference</string>
			<key>lastKnownFileType</key>
			<string>wrapper.framework</string>
			<key>name</key>
			<string>Foundation.framework</string>
			<key>path</key>
			<string>System/Library/Frameworks/Foundation.framework</string>
			<key>sourceTree</key>
			<string>SDKROOT</string>
		</dict>
		<key>491F799A1932789D00EF38E4</key>
		<dict>
			<key>fileRef</key>
			<string>491F79991932789D00EF38E4</string>
			<key>isa</key>
			<string>PBXBuildFile</string>
		</dict>
		<key>491F799B1932789D00EF38E4</key>
		<dict>
			<key>isa</key>
			<string>PBXFileReference</string>
			<key>lastKnownFileType</key>
			<string>wrapper.framework</string>
			<key>name</key>
			<string>CoreGraphics.framework</string>
			<key>path</key>
			<string>System/Library/Frameworks/CoreGraphics.framework</string>
			<key>sourceTree</key>
			<string>SDKROOT</string>
		</dict>
		<key>491F799C1932789D00EF38E4</key>
		<dict>
			<key>fileRef</key>
			<string>491F799B1932789D00EF38E4</string>
			<key>isa</key>
			<string>PBXBuildFile</string>
		</dict>
		<key>491F799D1932789D00EF38E4</key>
		<dict>
			<key>isa</key>
			<string>PBXFileReference</string>
			<key>lastKnownFileType</key>
			<string>wrapper.framework</string>
			<key>name</key>
			<string>UIKit.framework</string>
			<key>path</key>
			<string>System/Library/Frameworks/UIKit.framework</string>
			<key>sourceTree</key>
			<string>SDKROOT</string>
		</dict>
		<key>491F799E1932789D00EF38E4</key>
		<dict>
			<key>fileRef</key>
			<string>491F799D1932789D00EF38E4</string>
			<key>isa</key>
			<string>PBXBuildFile</string>
		</dict>
		<key>491F799F1932789D00EF38E4</key>
		<dict>
			<key>children</key>
			<array>
				<string>491F79A81932789D00EF38E4</string>
				<string>491F79A91932789D00EF38E4</string>
				<string>491F79AB1932789D00EF38E4</string>
				<string>491F79AE1932789D00EF38E4</string>
				<string>491F79B11932789D00EF38E4</string>
				<string>491F79B21932789D00EF38E4</string>
				<string>491F79B41932789D00EF38E4</string>
				<string>491F79A01932789D00EF38E4</string>
			</array>
			<key>isa</key>
			<string>PBXGroup</string>
			<key>path</key>
			<string>Rekola</string>
			<key>sourceTree</key>
			<string>&lt;group&gt;</string>
		</dict>
		<key>491F79A01932789D00EF38E4</key>
		<dict>
			<key>children</key>
			<array>
				<string>491F79A11932789D00EF38E4</string>
				<string>491F79A21932789D00EF38E4</string>
				<string>491F79A51932789D00EF38E4</string>
				<string>491F79A71932789D00EF38E4</string>
			</array>
			<key>isa</key>
			<string>PBXGroup</string>
			<key>name</key>
			<string>Supporting Files</string>
			<key>sourceTree</key>
			<string>&lt;group&gt;</string>
		</dict>
		<key>491F79A11932789D00EF38E4</key>
		<dict>
			<key>isa</key>
			<string>PBXFileReference</string>
			<key>lastKnownFileType</key>
			<string>text.plist.xml</string>
			<key>path</key>
			<string>Rekola-Info.plist</string>
			<key>sourceTree</key>
			<string>&lt;group&gt;</string>
		</dict>
		<key>491F79A21932789D00EF38E4</key>
		<dict>
			<key>children</key>
			<array>
				<string>491F79A31932789D00EF38E4</string>
			</array>
			<key>isa</key>
			<string>PBXVariantGroup</string>
			<key>name</key>
			<string>InfoPlist.strings</string>
			<key>sourceTree</key>
			<string>&lt;group&gt;</string>
		</dict>
		<key>491F79A31932789D00EF38E4</key>
		<dict>
			<key>isa</key>
			<string>PBXFileReference</string>
			<key>lastKnownFileType</key>
			<string>text.plist.strings</string>
			<key>name</key>
			<string>en</string>
			<key>path</key>
			<string>en.lproj/InfoPlist.strings</string>
			<key>sourceTree</key>
			<string>&lt;group&gt;</string>
		</dict>
		<key>491F79A41932789D00EF38E4</key>
		<dict>
			<key>fileRef</key>
			<string>491F79A21932789D00EF38E4</string>
			<key>isa</key>
			<string>PBXBuildFile</string>
		</dict>
		<key>491F79A51932789D00EF38E4</key>
		<dict>
			<key>isa</key>
			<string>PBXFileReference</string>
			<key>lastKnownFileType</key>
			<string>sourcecode.c.objc</string>
			<key>path</key>
			<string>main.m</string>
			<key>sourceTree</key>
			<string>&lt;group&gt;</string>
		</dict>
		<key>491F79A61932789D00EF38E4</key>
		<dict>
			<key>fileRef</key>
			<string>491F79A51932789D00EF38E4</string>
			<key>isa</key>
			<string>PBXBuildFile</string>
		</dict>
		<key>491F79A71932789D00EF38E4</key>
		<dict>
			<key>isa</key>
			<string>PBXFileReference</string>
			<key>lastKnownFileType</key>
			<string>sourcecode.c.h</string>
			<key>path</key>
			<string>Rekola-Prefix.pch</string>
			<key>sourceTree</key>
			<string>&lt;group&gt;</string>
		</dict>
		<key>491F79A81932789D00EF38E4</key>
		<dict>
			<key>isa</key>
			<string>PBXFileReference</string>
			<key>lastKnownFileType</key>
			<string>sourcecode.c.h</string>
			<key>path</key>
			<string>AppDelegate.h</string>
			<key>sourceTree</key>
			<string>&lt;group&gt;</string>
		</dict>
		<key>491F79A91932789D00EF38E4</key>
		<dict>
			<key>isa</key>
			<string>PBXFileReference</string>
			<key>lastKnownFileType</key>
			<string>sourcecode.c.objc</string>
			<key>path</key>
			<string>AppDelegate.m</string>
			<key>sourceTree</key>
			<string>&lt;group&gt;</string>
		</dict>
		<key>491F79AA1932789D00EF38E4</key>
		<dict>
			<key>fileRef</key>
			<string>491F79A91932789D00EF38E4</string>
			<key>isa</key>
			<string>PBXBuildFile</string>
		</dict>
		<key>491F79AB1932789D00EF38E4</key>
		<dict>
			<key>children</key>
			<array>
				<string>491F79AC1932789D00EF38E4</string>
			</array>
			<key>isa</key>
			<string>PBXVariantGroup</string>
			<key>name</key>
			<string>Main_iPhone.storyboard</string>
			<key>sourceTree</key>
			<string>&lt;group&gt;</string>
		</dict>
		<key>491F79AC1932789D00EF38E4</key>
		<dict>
			<key>isa</key>
			<string>PBXFileReference</string>
			<key>lastKnownFileType</key>
			<string>file.storyboard</string>
			<key>name</key>
			<string>Base</string>
			<key>path</key>
			<string>Base.lproj/Main_iPhone.storyboard</string>
			<key>sourceTree</key>
			<string>&lt;group&gt;</string>
		</dict>
		<key>491F79AD1932789D00EF38E4</key>
		<dict>
			<key>fileRef</key>
			<string>491F79AB1932789D00EF38E4</string>
			<key>isa</key>
			<string>PBXBuildFile</string>
		</dict>
		<key>491F79AE1932789D00EF38E4</key>
		<dict>
			<key>children</key>
			<array>
				<string>491F79AF1932789D00EF38E4</string>
			</array>
			<key>isa</key>
			<string>PBXVariantGroup</string>
			<key>name</key>
			<string>Main_iPad.storyboard</string>
			<key>sourceTree</key>
			<string>&lt;group&gt;</string>
		</dict>
		<key>491F79AF1932789D00EF38E4</key>
		<dict>
			<key>isa</key>
			<string>PBXFileReference</string>
			<key>lastKnownFileType</key>
			<string>file.storyboard</string>
			<key>name</key>
			<string>Base</string>
			<key>path</key>
			<string>Base.lproj/Main_iPad.storyboard</string>
			<key>sourceTree</key>
			<string>&lt;group&gt;</string>
		</dict>
		<key>491F79B01932789D00EF38E4</key>
		<dict>
			<key>fileRef</key>
			<string>491F79AE1932789D00EF38E4</string>
			<key>isa</key>
			<string>PBXBuildFile</string>
		</dict>
		<key>491F79B11932789D00EF38E4</key>
		<dict>
			<key>isa</key>
			<string>PBXFileReference</string>
			<key>lastKnownFileType</key>
			<string>sourcecode.c.h</string>
			<key>path</key>
			<string>ViewController.h</string>
			<key>sourceTree</key>
			<string>&lt;group&gt;</string>
		</dict>
		<key>491F79B21932789D00EF38E4</key>
		<dict>
			<key>isa</key>
			<string>PBXFileReference</string>
			<key>lastKnownFileType</key>
			<string>sourcecode.c.objc</string>
			<key>path</key>
			<string>ViewController.m</string>
			<key>sourceTree</key>
			<string>&lt;group&gt;</string>
		</dict>
		<key>491F79B31932789D00EF38E4</key>
		<dict>
			<key>fileRef</key>
			<string>491F79B21932789D00EF38E4</string>
			<key>isa</key>
			<string>PBXBuildFile</string>
		</dict>
		<key>491F79B41932789D00EF38E4</key>
		<dict>
			<key>isa</key>
			<string>PBXFileReference</string>
			<key>lastKnownFileType</key>
			<string>folder.assetcatalog</string>
			<key>path</key>
			<string>Images.xcassets</string>
			<key>sourceTree</key>
			<string>&lt;group&gt;</string>
		</dict>
		<key>491F79B51932789D00EF38E4</key>
		<dict>
			<key>fileRef</key>
			<string>491F79B41932789D00EF38E4</string>
			<key>isa</key>
			<string>PBXBuildFile</string>
		</dict>
		<key>491F79B61932789D00EF38E4</key>
		<dict>
			<key>buildActionMask</key>
			<string>2147483647</string>
			<key>files</key>
			<array>
				<string>491F79C81932789D00EF38E4</string>
			</array>
			<key>isa</key>
			<string>PBXSourcesBuildPhase</string>
			<key>runOnlyForDeploymentPostprocessing</key>
			<string>0</string>
		</dict>
		<key>491F79B71932789D00EF38E4</key>
		<dict>
			<key>buildActionMask</key>
			<string>2147483647</string>
			<key>files</key>
			<array>
				<string>491F79BC1932789D00EF38E4</string>
				<string>491F79BE1932789D00EF38E4</string>
				<string>491F79BD1932789D00EF38E4</string>
			</array>
			<key>isa</key>
			<string>PBXFrameworksBuildPhase</string>
			<key>runOnlyForDeploymentPostprocessing</key>
			<string>0</string>
		</dict>
		<key>491F79B81932789D00EF38E4</key>
		<dict>
			<key>buildActionMask</key>
			<string>2147483647</string>
			<key>files</key>
			<array>
				<string>491F79C61932789D00EF38E4</string>
			</array>
			<key>isa</key>
			<string>PBXResourcesBuildPhase</string>
			<key>runOnlyForDeploymentPostprocessing</key>
			<string>0</string>
		</dict>
		<key>491F79B91932789D00EF38E4</key>
		<dict>
			<key>buildConfigurationList</key>
			<string>491F79CE1932789E00EF38E4</string>
			<key>buildPhases</key>
			<array>
				<string>491F79B61932789D00EF38E4</string>
				<string>491F79B71932789D00EF38E4</string>
				<string>491F79B81932789D00EF38E4</string>
			</array>
			<key>buildRules</key>
			<array/>
			<key>dependencies</key>
			<array>
				<string>491F79C01932789D00EF38E4</string>
			</array>
			<key>isa</key>
			<string>PBXNativeTarget</string>
			<key>name</key>
			<string>RekolaTests</string>
			<key>productName</key>
			<string>RekolaTests</string>
			<key>productReference</key>
			<string>491F79BA1932789D00EF38E4</string>
			<key>productType</key>
			<string>com.apple.product-type.bundle.unit-test</string>
		</dict>
		<key>491F79BA1932789D00EF38E4</key>
		<dict>
			<key>explicitFileType</key>
			<string>wrapper.cfbundle</string>
			<key>includeInIndex</key>
			<string>0</string>
			<key>isa</key>
			<string>PBXFileReference</string>
			<key>path</key>
			<string>RekolaTests.xctest</string>
			<key>sourceTree</key>
			<string>BUILT_PRODUCTS_DIR</string>
		</dict>
		<key>491F79BB1932789D00EF38E4</key>
		<dict>
			<key>isa</key>
			<string>PBXFileReference</string>
			<key>lastKnownFileType</key>
			<string>wrapper.framework</string>
			<key>name</key>
			<string>XCTest.framework</string>
			<key>path</key>
			<string>Library/Frameworks/XCTest.framework</string>
			<key>sourceTree</key>
			<string>DEVELOPER_DIR</string>
		</dict>
		<key>491F79BC1932789D00EF38E4</key>
		<dict>
			<key>fileRef</key>
			<string>491F79BB1932789D00EF38E4</string>
			<key>isa</key>
			<string>PBXBuildFile</string>
		</dict>
		<key>491F79BD1932789D00EF38E4</key>
		<dict>
			<key>fileRef</key>
			<string>491F79991932789D00EF38E4</string>
			<key>isa</key>
			<string>PBXBuildFile</string>
		</dict>
		<key>491F79BE1932789D00EF38E4</key>
		<dict>
			<key>fileRef</key>
			<string>491F799D1932789D00EF38E4</string>
			<key>isa</key>
			<string>PBXBuildFile</string>
		</dict>
		<key>491F79BF1932789D00EF38E4</key>
		<dict>
			<key>containerPortal</key>
			<string>491F798E1932789D00EF38E4</string>
			<key>isa</key>
			<string>PBXContainerItemProxy</string>
			<key>proxyType</key>
			<string>1</string>
			<key>remoteGlobalIDString</key>
			<string>491F79951932789D00EF38E4</string>
			<key>remoteInfo</key>
			<string>Rekola</string>
		</dict>
		<key>491F79C01932789D00EF38E4</key>
		<dict>
			<key>isa</key>
			<string>PBXTargetDependency</string>
			<key>target</key>
			<string>491F79951932789D00EF38E4</string>
			<key>targetProxy</key>
			<string>491F79BF1932789D00EF38E4</string>
		</dict>
		<key>491F79C11932789D00EF38E4</key>
		<dict>
			<key>children</key>
			<array>
				<string>491F79C71932789D00EF38E4</string>
				<string>491F79C21932789D00EF38E4</string>
			</array>
			<key>isa</key>
			<string>PBXGroup</string>
			<key>path</key>
			<string>RekolaTests</string>
			<key>sourceTree</key>
			<string>&lt;group&gt;</string>
		</dict>
		<key>491F79C21932789D00EF38E4</key>
		<dict>
			<key>children</key>
			<array>
				<string>491F79C31932789D00EF38E4</string>
				<string>491F79C41932789D00EF38E4</string>
			</array>
			<key>isa</key>
			<string>PBXGroup</string>
			<key>name</key>
			<string>Supporting Files</string>
			<key>sourceTree</key>
			<string>&lt;group&gt;</string>
		</dict>
		<key>491F79C31932789D00EF38E4</key>
		<dict>
			<key>isa</key>
			<string>PBXFileReference</string>
			<key>lastKnownFileType</key>
			<string>text.plist.xml</string>
			<key>path</key>
			<string>RekolaTests-Info.plist</string>
			<key>sourceTree</key>
			<string>&lt;group&gt;</string>
		</dict>
		<key>491F79C41932789D00EF38E4</key>
		<dict>
			<key>children</key>
			<array>
				<string>491F79C51932789D00EF38E4</string>
			</array>
			<key>isa</key>
			<string>PBXVariantGroup</string>
			<key>name</key>
			<string>InfoPlist.strings</string>
			<key>sourceTree</key>
			<string>&lt;group&gt;</string>
		</dict>
		<key>491F79C51932789D00EF38E4</key>
		<dict>
			<key>isa</key>
			<string>PBXFileReference</string>
			<key>lastKnownFileType</key>
			<string>text.plist.strings</string>
			<key>name</key>
			<string>en</string>
			<key>path</key>
			<string>en.lproj/InfoPlist.strings</string>
			<key>sourceTree</key>
			<string>&lt;group&gt;</string>
		</dict>
		<key>491F79C61932789D00EF38E4</key>
		<dict>
			<key>fileRef</key>
			<string>491F79C41932789D00EF38E4</string>
			<key>isa</key>
			<string>PBXBuildFile</string>
		</dict>
		<key>491F79C71932789D00EF38E4</key>
		<dict>
			<key>isa</key>
			<string>PBXFileReference</string>
			<key>lastKnownFileType</key>
			<string>sourcecode.c.objc</string>
			<key>path</key>
			<string>RekolaTests.m</string>
			<key>sourceTree</key>
			<string>&lt;group&gt;</string>
		</dict>
		<key>491F79C81932789D00EF38E4</key>
		<dict>
			<key>fileRef</key>
			<string>491F79C71932789D00EF38E4</string>
			<key>isa</key>
			<string>PBXBuildFile</string>
		</dict>
		<key>491F79C91932789E00EF38E4</key>
		<dict>
			<key>buildSettings</key>
			<dict>
				<key>ALWAYS_SEARCH_USER_PATHS</key>
				<string>NO</string>
				<key>CLANG_CXX_LANGUAGE_STANDARD</key>
				<string>gnu++0x</string>
				<key>CLANG_CXX_LIBRARY</key>
				<string>libc++</string>
				<key>CLANG_ENABLE_MODULES</key>
				<string>YES</string>
				<key>CLANG_ENABLE_OBJC_ARC</key>
				<string>YES</string>
				<key>CLANG_WARN_BOOL_CONVERSION</key>
				<string>YES</string>
				<key>CLANG_WARN_CONSTANT_CONVERSION</key>
				<string>YES</string>
				<key>CLANG_WARN_DIRECT_OBJC_ISA_USAGE</key>
				<string>YES_ERROR</string>
				<key>CLANG_WARN_EMPTY_BODY</key>
				<string>YES</string>
				<key>CLANG_WARN_ENUM_CONVERSION</key>
				<string>YES</string>
				<key>CLANG_WARN_INT_CONVERSION</key>
				<string>YES</string>
				<key>CLANG_WARN_OBJC_ROOT_CLASS</key>
				<string>YES_ERROR</string>
				<key>CLANG_WARN__DUPLICATE_METHOD_MATCH</key>
				<string>YES</string>
				<key>CODE_SIGN_IDENTITY[sdk=iphoneos*]</key>
				<string>iPhone Developer</string>
				<key>COPY_PHASE_STRIP</key>
				<string>NO</string>
				<key>GCC_C_LANGUAGE_STANDARD</key>
				<string>gnu99</string>
				<key>GCC_DYNAMIC_NO_PIC</key>
				<string>NO</string>
				<key>GCC_OPTIMIZATION_LEVEL</key>
				<string>0</string>
				<key>GCC_PREPROCESSOR_DEFINITIONS</key>
				<array>
					<string>DEBUG=1</string>
					<string>$(inherited)</string>
				</array>
				<key>GCC_SYMBOLS_PRIVATE_EXTERN</key>
				<string>NO</string>
				<key>GCC_WARN_64_TO_32_BIT_CONVERSION</key>
				<string>YES</string>
				<key>GCC_WARN_ABOUT_RETURN_TYPE</key>
				<string>YES_ERROR</string>
				<key>GCC_WARN_UNDECLARED_SELECTOR</key>
				<string>YES</string>
				<key>GCC_WARN_UNINITIALIZED_AUTOS</key>
				<string>YES_AGGRESSIVE</string>
				<key>GCC_WARN_UNUSED_FUNCTION</key>
				<string>YES</string>
				<key>GCC_WARN_UNUSED_VARIABLE</key>
				<string>YES</string>
				<key>IPHONEOS_DEPLOYMENT_TARGET</key>
				<string>7.1</string>
				<key>ONLY_ACTIVE_ARCH</key>
				<string>YES</string>
				<key>SDKROOT</key>
				<string>iphoneos</string>
				<key>TARGETED_DEVICE_FAMILY</key>
				<string>1,2</string>
			</dict>
			<key>isa</key>
			<string>XCBuildConfiguration</string>
			<key>name</key>
			<string>Debug</string>
		</dict>
		<key>491F79CA1932789E00EF38E4</key>
		<dict>
			<key>buildSettings</key>
			<dict>
				<key>ALWAYS_SEARCH_USER_PATHS</key>
				<string>NO</string>
				<key>CLANG_CXX_LANGUAGE_STANDARD</key>
				<string>gnu++0x</string>
				<key>CLANG_CXX_LIBRARY</key>
				<string>libc++</string>
				<key>CLANG_ENABLE_MODULES</key>
				<string>YES</string>
				<key>CLANG_ENABLE_OBJC_ARC</key>
				<string>YES</string>
				<key>CLANG_WARN_BOOL_CONVERSION</key>
				<string>YES</string>
				<key>CLANG_WARN_CONSTANT_CONVERSION</key>
				<string>YES</string>
				<key>CLANG_WARN_DIRECT_OBJC_ISA_USAGE</key>
				<string>YES_ERROR</string>
				<key>CLANG_WARN_EMPTY_BODY</key>
				<string>YES</string>
				<key>CLANG_WARN_ENUM_CONVERSION</key>
				<string>YES</string>
				<key>CLANG_WARN_INT_CONVERSION</key>
				<string>YES</string>
				<key>CLANG_WARN_OBJC_ROOT_CLASS</key>
				<string>YES_ERROR</string>
				<key>CLANG_WARN__DUPLICATE_METHOD_MATCH</key>
				<string>YES</string>
				<key>CODE_SIGN_IDENTITY[sdk=iphoneos*]</key>
				<string>iPhone Developer</string>
				<key>COPY_PHASE_STRIP</key>
				<string>YES</string>
				<key>ENABLE_NS_ASSERTIONS</key>
				<string>NO</string>
				<key>GCC_C_LANGUAGE_STANDARD</key>
				<string>gnu99</string>
				<key>GCC_WARN_64_TO_32_BIT_CONVERSION</key>
				<string>YES</string>
				<key>GCC_WARN_ABOUT_RETURN_TYPE</key>
				<string>YES_ERROR</string>
				<key>GCC_WARN_UNDECLARED_SELECTOR</key>
				<string>YES</string>
				<key>GCC_WARN_UNINITIALIZED_AUTOS</key>
				<string>YES_AGGRESSIVE</string>
				<key>GCC_WARN_UNUSED_FUNCTION</key>
				<string>YES</string>
				<key>GCC_WARN_UNUSED_VARIABLE</key>
				<string>YES</string>
				<key>IPHONEOS_DEPLOYMENT_TARGET</key>
				<string>7.1</string>
				<key>SDKROOT</key>
				<string>iphoneos</string>
				<key>TARGETED_DEVICE_FAMILY</key>
				<string>1,2</string>
				<key>VALIDATE_PRODUCT</key>
				<string>YES</string>
			</dict>
			<key>isa</key>
			<string>XCBuildConfiguration</string>
			<key>name</key>
			<string>Release</string>
		</dict>
		<key>491F79CB1932789E00EF38E4</key>
		<dict>
			<key>buildConfigurations</key>
			<array>
				<string>491F79CC1932789E00EF38E4</string>
				<string>491F79CD1932789E00EF38E4</string>
			</array>
			<key>defaultConfigurationIsVisible</key>
			<string>0</string>
			<key>isa</key>
			<string>XCConfigurationList</string>
		</dict>
		<key>491F79CC1932789E00EF38E4</key>
		<dict>
			<key>baseConfigurationReference</key>
			<string>DE76471B414E4395AF679AA4</string>
			<key>buildSettings</key>
			<dict>
				<key>ASSETCATALOG_COMPILER_APPICON_NAME</key>
				<string>AppIcon</string>
				<key>ASSETCATALOG_COMPILER_LAUNCHIMAGE_NAME</key>
				<string>LaunchImage</string>
				<key>GCC_PRECOMPILE_PREFIX_HEADER</key>
				<string>YES</string>
				<key>GCC_PREFIX_HEADER</key>
				<string>Rekola/Rekola-Prefix.pch</string>
				<key>INFOPLIST_FILE</key>
				<string>Rekola/Rekola-Info.plist</string>
				<key>PRODUCT_NAME</key>
				<string>$(TARGET_NAME)</string>
				<key>WRAPPER_EXTENSION</key>
				<string>app</string>
			</dict>
			<key>isa</key>
			<string>XCBuildConfiguration</string>
			<key>name</key>
			<string>Debug</string>
		</dict>
		<key>491F79CD1932789E00EF38E4</key>
		<dict>
			<key>baseConfigurationReference</key>
			<string>DE76471B414E4395AF679AA4</string>
			<key>buildSettings</key>
			<dict>
				<key>ASSETCATALOG_COMPILER_APPICON_NAME</key>
				<string>AppIcon</string>
				<key>ASSETCATALOG_COMPILER_LAUNCHIMAGE_NAME</key>
				<string>LaunchImage</string>
				<key>GCC_PRECOMPILE_PREFIX_HEADER</key>
				<string>YES</string>
				<key>GCC_PREFIX_HEADER</key>
				<string>Rekola/Rekola-Prefix.pch</string>
				<key>INFOPLIST_FILE</key>
				<string>Rekola/Rekola-Info.plist</string>
				<key>PRODUCT_NAME</key>
				<string>$(TARGET_NAME)</string>
				<key>WRAPPER_EXTENSION</key>
				<string>app</string>
			</dict>
			<key>isa</key>
			<string>XCBuildConfiguration</string>
			<key>name</key>
			<string>Release</string>
		</dict>
		<key>491F79CE1932789E00EF38E4</key>
		<dict>
			<key>buildConfigurations</key>
			<array>
				<string>491F79CF1932789E00EF38E4</string>
				<string>491F79D01932789E00EF38E4</string>
			</array>
			<key>defaultConfigurationIsVisible</key>
			<string>0</string>
			<key>isa</key>
			<string>XCConfigurationList</string>
		</dict>
		<key>491F79CF1932789E00EF38E4</key>
		<dict>
			<key>buildSettings</key>
			<dict>
				<key>BUNDLE_LOADER</key>
				<string>$(BUILT_PRODUCTS_DIR)/Rekola.app/Rekola</string>
				<key>FRAMEWORK_SEARCH_PATHS</key>
				<array>
					<string>$(SDKROOT)/Developer/Library/Frameworks</string>
					<string>$(inherited)</string>
					<string>$(DEVELOPER_FRAMEWORKS_DIR)</string>
				</array>
				<key>GCC_PRECOMPILE_PREFIX_HEADER</key>
				<string>YES</string>
				<key>GCC_PREFIX_HEADER</key>
				<string>Rekola/Rekola-Prefix.pch</string>
				<key>GCC_PREPROCESSOR_DEFINITIONS</key>
				<array>
					<string>DEBUG=1</string>
					<string>$(inherited)</string>
				</array>
				<key>INFOPLIST_FILE</key>
				<string>RekolaTests/RekolaTests-Info.plist</string>
				<key>PRODUCT_NAME</key>
				<string>$(TARGET_NAME)</string>
				<key>TEST_HOST</key>
				<string>$(BUNDLE_LOADER)</string>
				<key>WRAPPER_EXTENSION</key>
				<string>xctest</string>
			</dict>
			<key>isa</key>
			<string>XCBuildConfiguration</string>
			<key>name</key>
			<string>Debug</string>
		</dict>
		<key>491F79D01932789E00EF38E4</key>
		<dict>
			<key>buildSettings</key>
			<dict>
				<key>BUNDLE_LOADER</key>
				<string>$(BUILT_PRODUCTS_DIR)/Rekola.app/Rekola</string>
				<key>FRAMEWORK_SEARCH_PATHS</key>
				<array>
					<string>$(SDKROOT)/Developer/Library/Frameworks</string>
					<string>$(inherited)</string>
					<string>$(DEVELOPER_FRAMEWORKS_DIR)</string>
				</array>
				<key>GCC_PRECOMPILE_PREFIX_HEADER</key>
				<string>YES</string>
				<key>GCC_PREFIX_HEADER</key>
				<string>Rekola/Rekola-Prefix.pch</string>
				<key>INFOPLIST_FILE</key>
				<string>RekolaTests/RekolaTests-Info.plist</string>
				<key>PRODUCT_NAME</key>
				<string>$(TARGET_NAME)</string>
				<key>TEST_HOST</key>
				<string>$(BUNDLE_LOADER)</string>
				<key>WRAPPER_EXTENSION</key>
				<string>xctest</string>
			</dict>
			<key>isa</key>
			<string>XCBuildConfiguration</string>
			<key>name</key>
			<string>Release</string>
		</dict>
		<key>563EF268C2894D44A1750584</key>
		<dict>
			<key>buildActionMask</key>
			<string>2147483647</string>
			<key>files</key>
			<array/>
			<key>inputPaths</key>
			<array/>
			<key>isa</key>
			<string>PBXShellScriptBuildPhase</string>
			<key>name</key>
			<string>Check Pods Manifest.lock</string>
			<key>outputPaths</key>
			<array/>
			<key>runOnlyForDeploymentPostprocessing</key>
			<string>0</string>
			<key>shellPath</key>
			<string>/bin/sh</string>
			<key>shellScript</key>
			<string>diff "${PODS_ROOT}/../Podfile.lock" "${PODS_ROOT}/Manifest.lock" &gt; /dev/null
if [[ $? != 0 ]] ; then
    cat &lt;&lt; EOM
error: The sandbox is not in sync with the Podfile.lock. Run 'pod install' or update your CocoaPods installation.
EOM
    exit 1
fi
</string>
			<key>showEnvVarsInLog</key>
			<string>0</string>
		</dict>
		<key>9B60FAF55C984D028F9AB23F</key>
		<dict>
			<key>buildActionMask</key>
			<string>2147483647</string>
			<key>files</key>
			<array/>
			<key>inputPaths</key>
			<array/>
			<key>isa</key>
			<string>PBXShellScriptBuildPhase</string>
			<key>name</key>
			<string>Copy Pods Resources</string>
			<key>outputPaths</key>
			<array/>
			<key>runOnlyForDeploymentPostprocessing</key>
			<string>0</string>
			<key>shellPath</key>
			<string>/bin/sh</string>
			<key>shellScript</key>
			<string>"${SRCROOT}/Pods/Pods-resources.sh"
</string>
			<key>showEnvVarsInLog</key>
			<string>0</string>
		</dict>
		<key>CB7F75D478B74CEE9A577825</key>
		<dict>
			<key>fileRef</key>
			<string>F049A75A63C04208842ED796</string>
			<key>isa</key>
			<string>PBXBuildFile</string>
		</dict>
		<key>DE76471B414E4395AF679AA4</key>
		<dict>
			<key>includeInIndex</key>
			<string>1</string>
			<key>isa</key>
			<string>PBXFileReference</string>
			<key>lastKnownFileType</key>
			<string>text.xcconfig</string>
			<key>name</key>
			<string>Pods.xcconfig</string>
			<key>path</key>
			<string>Pods/Pods.xcconfig</string>
			<key>sourceTree</key>
			<string>&lt;group&gt;</string>
		</dict>
		<key>F049A75A63C04208842ED796</key>
		<dict>
			<key>explicitFileType</key>
			<string>archive.ar</string>
			<key>includeInIndex</key>
			<string>0</string>
			<key>isa</key>
			<string>PBXFileReference</string>
			<key>path</key>
			<string>libPods.a</string>
			<key>sourceTree</key>
			<string>BUILT_PRODUCTS_DIR</string>
		</dict>
	</dict>
	<key>rootObject</key>
	<string>491F798E1932789D00EF38E4</string>
</dict>
</plist>
