// !$*UTF8*$!
{
	archiveVersion = 1;
	classes = {
	};
	objectVersion = 46;
	objects = {

/* Begin PBXBuildFile section */
		491F799A1932789D00EF38E4 /* Foundation.framework in Frameworks */ = {isa = PBXBuildFile; fileRef = 491F79991932789D00EF38E4 /* Foundation.framework */; };
		491F799C1932789D00EF38E4 /* CoreGraphics.framework in Frameworks */ = {isa = PBXBuildFile; fileRef = 491F799B1932789D00EF38E4 /* CoreGraphics.framework */; };
		491F799E1932789D00EF38E4 /* UIKit.framework in Frameworks */ = {isa = PBXBuildFile; fileRef = 491F799D1932789D00EF38E4 /* UIKit.framework */; };
		491F79A41932789D00EF38E4 /* InfoPlist.strings in Resources */ = {isa = PBXBuildFile; fileRef = 491F79A21932789D00EF38E4 /* InfoPlist.strings */; };
		491F79A61932789D00EF38E4 /* main.m in Sources */ = {isa = PBXBuildFile; fileRef = 491F79A51932789D00EF38E4 /* main.m */; };
		491F79AA1932789D00EF38E4 /* AppDelegate.m in Sources */ = {isa = PBXBuildFile; fileRef = 491F79A91932789D00EF38E4 /* AppDelegate.m */; };
		491F79AD1932789D00EF38E4 /* Main_iPhone.storyboard in Resources */ = {isa = PBXBuildFile; fileRef = 491F79AB1932789D00EF38E4 /* Main_iPhone.storyboard */; };
		491F79B01932789D00EF38E4 /* Main_iPad.storyboard in Resources */ = {isa = PBXBuildFile; fileRef = 491F79AE1932789D00EF38E4 /* Main_iPad.storyboard */; };
		491F79B31932789D00EF38E4 /* NearbyBikesViewController.m in Sources */ = {isa = PBXBuildFile; fileRef = 491F79B21932789D00EF38E4 /* NearbyBikesViewController.m */; };
		491F79B51932789D00EF38E4 /* Images.xcassets in Resources */ = {isa = PBXBuildFile; fileRef = 491F79B41932789D00EF38E4 /* Images.xcassets */; };
		491F79BC1932789D00EF38E4 /* XCTest.framework in Frameworks */ = {isa = PBXBuildFile; fileRef = 491F79BB1932789D00EF38E4 /* XCTest.framework */; };
		491F79BD1932789D00EF38E4 /* Foundation.framework in Frameworks */ = {isa = PBXBuildFile; fileRef = 491F79991932789D00EF38E4 /* Foundation.framework */; };
		491F79BE1932789D00EF38E4 /* UIKit.framework in Frameworks */ = {isa = PBXBuildFile; fileRef = 491F799D1932789D00EF38E4 /* UIKit.framework */; };
		491F79C61932789D00EF38E4 /* InfoPlist.strings in Resources */ = {isa = PBXBuildFile; fileRef = 491F79C41932789D00EF38E4 /* InfoPlist.strings */; };
		491F79C81932789D00EF38E4 /* RekolaTests.m in Sources */ = {isa = PBXBuildFile; fileRef = 491F79C71932789D00EF38E4 /* RekolaTests.m */; };
		491F79EE19327B0F00EF38E4 /* KMLAbstractGeometry+MapKit.m in Sources */ = {isa = PBXBuildFile; fileRef = 491F79D719327B0F00EF38E4 /* KMLAbstractGeometry+MapKit.m */; };
		491F79EF19327B0F00EF38E4 /* KMLLineString+MapKit.m in Sources */ = {isa = PBXBuildFile; fileRef = 491F79D919327B0F00EF38E4 /* KMLLineString+MapKit.m */; };
		491F79F019327B0F00EF38E4 /* KMLPlacemark+MapKit.m in Sources */ = {isa = PBXBuildFile; fileRef = 491F79DB19327B0F00EF38E4 /* KMLPlacemark+MapKit.m */; };
		491F79F119327B0F00EF38E4 /* KMLPoint+MapKit.m in Sources */ = {isa = PBXBuildFile; fileRef = 491F79DD19327B0F00EF38E4 /* KMLPoint+MapKit.m */; };
		491F79F219327B0F00EF38E4 /* KMLPolygon+MapKit.m in Sources */ = {isa = PBXBuildFile; fileRef = 491F79DF19327B0F00EF38E4 /* KMLPolygon+MapKit.m */; };
		491F79F319327B0F00EF38E4 /* KMLRoot+MapKit.m in Sources */ = {isa = PBXBuildFile; fileRef = 491F79E119327B0F00EF38E4 /* KMLRoot+MapKit.m */; };
		491F79F419327B0F00EF38E4 /* MKAnnotationView+KML.m in Sources */ = {isa = PBXBuildFile; fileRef = 491F79E419327B0F00EF38E4 /* MKAnnotationView+KML.m */; };
		491F79F519327B0F00EF38E4 /* MKOverlayView+KML.m in Sources */ = {isa = PBXBuildFile; fileRef = 491F79E719327B0F00EF38E4 /* MKOverlayView+KML.m */; };
		491F79F619327B0F00EF38E4 /* MKPolygonView+KML.m in Sources */ = {isa = PBXBuildFile; fileRef = 491F79E919327B0F00EF38E4 /* MKPolygonView+KML.m */; };
		491F79F719327B0F00EF38E4 /* MKPolylineView+KML.m in Sources */ = {isa = PBXBuildFile; fileRef = 491F79EB19327B0F00EF38E4 /* MKPolylineView+KML.m */; };
		491F79F819327B0F00EF38E4 /* MKShape+KML.m in Sources */ = {isa = PBXBuildFile; fileRef = 491F79ED19327B0F00EF38E4 /* MKShape+KML.m */; };
		491F79FA1932805D00EF38E4 /* MapKit.framework in Frameworks */ = {isa = PBXBuildFile; fileRef = 491F79F91932805D00EF38E4 /* MapKit.framework */; };
		491F79FE1932809900EF38E4 /* NearbyBikeCell.m in Sources */ = {isa = PBXBuildFile; fileRef = 491F79FD1932809900EF38E4 /* NearbyBikeCell.m */; };
		491F7A021933319500EF38E4 /* BikeDetailViewController.m in Sources */ = {isa = PBXBuildFile; fileRef = 491F7A011933319500EF38E4 /* BikeDetailViewController.m */; };
		491F7A06193335A900EF38E4 /* KMLAbstractGeometry+Location.m in Sources */ = {isa = PBXBuildFile; fileRef = 491F7A05193335A900EF38E4 /* KMLAbstractGeometry+Location.m */; };
		491F7A0D1933E7EA00EF38E4 /* Localizable.strings in Resources */ = {isa = PBXBuildFile; fileRef = 491F7A0F1933E7EA00EF38E4 /* Localizable.strings */; };
		CB7F75D478B74CEE9A577825 /* libPods.a in Frameworks */ = {isa = PBXBuildFile; fileRef = F049A75A63C04208842ED796 /* libPods.a */; };
/* End PBXBuildFile section */

/* Begin PBXContainerItemProxy section */
		491F79BF1932789D00EF38E4 /* PBXContainerItemProxy */ = {
			isa = PBXContainerItemProxy;
			containerPortal = 491F798E1932789D00EF38E4 /* Project object */;
			proxyType = 1;
			remoteGlobalIDString = 491F79951932789D00EF38E4;
			remoteInfo = Rekola;
		};
/* End PBXContainerItemProxy section */

/* Begin PBXFileReference section */
		491F79961932789D00EF38E4 /* Find Rekola.app */ = {isa = PBXFileReference; explicitFileType = wrapper.application; includeInIndex = 0; path = "Find Rekola.app"; sourceTree = BUILT_PRODUCTS_DIR; };
		491F79991932789D00EF38E4 /* Foundation.framework */ = {isa = PBXFileReference; lastKnownFileType = wrapper.framework; name = Foundation.framework; path = System/Library/Frameworks/Foundation.framework; sourceTree = SDKROOT; };
		491F799B1932789D00EF38E4 /* CoreGraphics.framework */ = {isa = PBXFileReference; lastKnownFileType = wrapper.framework; name = CoreGraphics.framework; path = System/Library/Frameworks/CoreGraphics.framework; sourceTree = SDKROOT; };
		491F799D1932789D00EF38E4 /* UIKit.framework */ = {isa = PBXFileReference; lastKnownFileType = wrapper.framework; name = UIKit.framework; path = System/Library/Frameworks/UIKit.framework; sourceTree = SDKROOT; };
		491F79A11932789D00EF38E4 /* Find Rekola-Info.plist */ = {isa = PBXFileReference; lastKnownFileType = text.plist.xml; path = "Find Rekola-Info.plist"; sourceTree = "<group>"; };
		491F79A31932789D00EF38E4 /* en */ = {isa = PBXFileReference; lastKnownFileType = text.plist.strings; name = en; path = en.lproj/InfoPlist.strings; sourceTree = "<group>"; };
		491F79A51932789D00EF38E4 /* main.m */ = {isa = PBXFileReference; lastKnownFileType = sourcecode.c.objc; path = main.m; sourceTree = "<group>"; };
		491F79A71932789D00EF38E4 /* Find Rekola-Prefix.pch */ = {isa = PBXFileReference; lastKnownFileType = sourcecode.c.h; path = "Find Rekola-Prefix.pch"; sourceTree = "<group>"; };
		491F79A81932789D00EF38E4 /* AppDelegate.h */ = {isa = PBXFileReference; lastKnownFileType = sourcecode.c.h; path = AppDelegate.h; sourceTree = "<group>"; };
		491F79A91932789D00EF38E4 /* AppDelegate.m */ = {isa = PBXFileReference; lastKnownFileType = sourcecode.c.objc; path = AppDelegate.m; sourceTree = "<group>"; };
		491F79AC1932789D00EF38E4 /* Base */ = {isa = PBXFileReference; lastKnownFileType = file.storyboard; name = Base; path = Base.lproj/Main_iPhone.storyboard; sourceTree = "<group>"; };
		491F79AF1932789D00EF38E4 /* Base */ = {isa = PBXFileReference; lastKnownFileType = file.storyboard; name = Base; path = Base.lproj/Main_iPad.storyboard; sourceTree = "<group>"; };
		491F79B11932789D00EF38E4 /* NearbyBikesViewController.h */ = {isa = PBXFileReference; lastKnownFileType = sourcecode.c.h; path = NearbyBikesViewController.h; sourceTree = "<group>"; };
		491F79B21932789D00EF38E4 /* NearbyBikesViewController.m */ = {isa = PBXFileReference; lastKnownFileType = sourcecode.c.objc; path = NearbyBikesViewController.m; sourceTree = "<group>"; };
		491F79B41932789D00EF38E4 /* Images.xcassets */ = {isa = PBXFileReference; lastKnownFileType = folder.assetcatalog; name = Images.xcassets; path = Rekola/Images.xcassets; sourceTree = "<group>"; };
		491F79BA1932789D00EF38E4 /* Find RekolaTests.xctest */ = {isa = PBXFileReference; explicitFileType = wrapper.cfbundle; includeInIndex = 0; path = "Find RekolaTests.xctest"; sourceTree = BUILT_PRODUCTS_DIR; };
		491F79BB1932789D00EF38E4 /* XCTest.framework */ = {isa = PBXFileReference; lastKnownFileType = wrapper.framework; name = XCTest.framework; path = Library/Frameworks/XCTest.framework; sourceTree = DEVELOPER_DIR; };
		491F79C31932789D00EF38E4 /* Find RekolaTests-Info.plist */ = {isa = PBXFileReference; lastKnownFileType = text.plist.xml; path = "Find RekolaTests-Info.plist"; sourceTree = "<group>"; };
		491F79C51932789D00EF38E4 /* en */ = {isa = PBXFileReference; lastKnownFileType = text.plist.strings; name = en; path = en.lproj/InfoPlist.strings; sourceTree = "<group>"; };
		491F79C71932789D00EF38E4 /* RekolaTests.m */ = {isa = PBXFileReference; lastKnownFileType = sourcecode.c.objc; path = RekolaTests.m; sourceTree = "<group>"; };
		491F79D519327B0F00EF38E4 /* KML+MapKit.h */ = {isa = PBXFileReference; fileEncoding = 4; lastKnownFileType = sourcecode.c.h; path = "KML+MapKit.h"; sourceTree = "<group>"; };
		491F79D619327B0F00EF38E4 /* KMLAbstractGeometry+MapKit.h */ = {isa = PBXFileReference; fileEncoding = 4; lastKnownFileType = sourcecode.c.h; path = "KMLAbstractGeometry+MapKit.h"; sourceTree = "<group>"; };
		491F79D719327B0F00EF38E4 /* KMLAbstractGeometry+MapKit.m */ = {isa = PBXFileReference; fileEncoding = 4; lastKnownFileType = sourcecode.c.objc; path = "KMLAbstractGeometry+MapKit.m"; sourceTree = "<group>"; };
		491F79D819327B0F00EF38E4 /* KMLLineString+MapKit.h */ = {isa = PBXFileReference; fileEncoding = 4; lastKnownFileType = sourcecode.c.h; path = "KMLLineString+MapKit.h"; sourceTree = "<group>"; };
		491F79D919327B0F00EF38E4 /* KMLLineString+MapKit.m */ = {isa = PBXFileReference; fileEncoding = 4; lastKnownFileType = sourcecode.c.objc; path = "KMLLineString+MapKit.m"; sourceTree = "<group>"; };
		491F79DA19327B0F00EF38E4 /* KMLPlacemark+MapKit.h */ = {isa = PBXFileReference; fileEncoding = 4; lastKnownFileType = sourcecode.c.h; path = "KMLPlacemark+MapKit.h"; sourceTree = "<group>"; };
		491F79DB19327B0F00EF38E4 /* KMLPlacemark+MapKit.m */ = {isa = PBXFileReference; fileEncoding = 4; lastKnownFileType = sourcecode.c.objc; path = "KMLPlacemark+MapKit.m"; sourceTree = "<group>"; };
		491F79DC19327B0F00EF38E4 /* KMLPoint+MapKit.h */ = {isa = PBXFileReference; fileEncoding = 4; lastKnownFileType = sourcecode.c.h; path = "KMLPoint+MapKit.h"; sourceTree = "<group>"; };
		491F79DD19327B0F00EF38E4 /* KMLPoint+MapKit.m */ = {isa = PBXFileReference; fileEncoding = 4; lastKnownFileType = sourcecode.c.objc; path = "KMLPoint+MapKit.m"; sourceTree = "<group>"; };
		491F79DE19327B0F00EF38E4 /* KMLPolygon+MapKit.h */ = {isa = PBXFileReference; fileEncoding = 4; lastKnownFileType = sourcecode.c.h; path = "KMLPolygon+MapKit.h"; sourceTree = "<group>"; };
		491F79DF19327B0F00EF38E4 /* KMLPolygon+MapKit.m */ = {isa = PBXFileReference; fileEncoding = 4; lastKnownFileType = sourcecode.c.objc; path = "KMLPolygon+MapKit.m"; sourceTree = "<group>"; };
		491F79E019327B0F00EF38E4 /* KMLRoot+MapKit.h */ = {isa = PBXFileReference; fileEncoding = 4; lastKnownFileType = sourcecode.c.h; path = "KMLRoot+MapKit.h"; sourceTree = "<group>"; };
		491F79E119327B0F00EF38E4 /* KMLRoot+MapKit.m */ = {isa = PBXFileReference; fileEncoding = 4; lastKnownFileType = sourcecode.c.objc; path = "KMLRoot+MapKit.m"; sourceTree = "<group>"; };
		491F79E319327B0F00EF38E4 /* MKAnnotationView+KML.h */ = {isa = PBXFileReference; fileEncoding = 4; lastKnownFileType = sourcecode.c.h; path = "MKAnnotationView+KML.h"; sourceTree = "<group>"; };
		491F79E419327B0F00EF38E4 /* MKAnnotationView+KML.m */ = {isa = PBXFileReference; fileEncoding = 4; lastKnownFileType = sourcecode.c.objc; path = "MKAnnotationView+KML.m"; sourceTree = "<group>"; };
		491F79E519327B0F00EF38E4 /* MKMap+KML.h */ = {isa = PBXFileReference; fileEncoding = 4; lastKnownFileType = sourcecode.c.h; path = "MKMap+KML.h"; sourceTree = "<group>"; };
		491F79E619327B0F00EF38E4 /* MKOverlayView+KML.h */ = {isa = PBXFileReference; fileEncoding = 4; lastKnownFileType = sourcecode.c.h; path = "MKOverlayView+KML.h"; sourceTree = "<group>"; };
		491F79E719327B0F00EF38E4 /* MKOverlayView+KML.m */ = {isa = PBXFileReference; fileEncoding = 4; lastKnownFileType = sourcecode.c.objc; path = "MKOverlayView+KML.m"; sourceTree = "<group>"; };
		491F79E819327B0F00EF38E4 /* MKPolygonView+KML.h */ = {isa = PBXFileReference; fileEncoding = 4; lastKnownFileType = sourcecode.c.h; path = "MKPolygonView+KML.h"; sourceTree = "<group>"; };
		491F79E919327B0F00EF38E4 /* MKPolygonView+KML.m */ = {isa = PBXFileReference; fileEncoding = 4; lastKnownFileType = sourcecode.c.objc; path = "MKPolygonView+KML.m"; sourceTree = "<group>"; };
		491F79EA19327B0F00EF38E4 /* MKPolylineView+KML.h */ = {isa = PBXFileReference; fileEncoding = 4; lastKnownFileType = sourcecode.c.h; path = "MKPolylineView+KML.h"; sourceTree = "<group>"; };
		491F79EB19327B0F00EF38E4 /* MKPolylineView+KML.m */ = {isa = PBXFileReference; fileEncoding = 4; lastKnownFileType = sourcecode.c.objc; path = "MKPolylineView+KML.m"; sourceTree = "<group>"; };
		491F79EC19327B0F00EF38E4 /* MKShape+KML.h */ = {isa = PBXFileReference; fileEncoding = 4; lastKnownFileType = sourcecode.c.h; path = "MKShape+KML.h"; sourceTree = "<group>"; };
		491F79ED19327B0F00EF38E4 /* MKShape+KML.m */ = {isa = PBXFileReference; fileEncoding = 4; lastKnownFileType = sourcecode.c.objc; path = "MKShape+KML.m"; sourceTree = "<group>"; };
		491F79F91932805D00EF38E4 /* MapKit.framework */ = {isa = PBXFileReference; lastKnownFileType = wrapper.framework; name = MapKit.framework; path = System/Library/Frameworks/MapKit.framework; sourceTree = SDKROOT; };
		491F79FC1932809900EF38E4 /* NearbyBikeCell.h */ = {isa = PBXFileReference; fileEncoding = 4; lastKnownFileType = sourcecode.c.h; path = NearbyBikeCell.h; sourceTree = "<group>"; };
		491F79FD1932809900EF38E4 /* NearbyBikeCell.m */ = {isa = PBXFileReference; fileEncoding = 4; lastKnownFileType = sourcecode.c.objc; path = NearbyBikeCell.m; sourceTree = "<group>"; };
		491F7A001933319500EF38E4 /* BikeDetailViewController.h */ = {isa = PBXFileReference; fileEncoding = 4; lastKnownFileType = sourcecode.c.h; path = BikeDetailViewController.h; sourceTree = "<group>"; };
		491F7A011933319500EF38E4 /* BikeDetailViewController.m */ = {isa = PBXFileReference; fileEncoding = 4; lastKnownFileType = sourcecode.c.objc; path = BikeDetailViewController.m; sourceTree = "<group>"; };
		491F7A04193335A900EF38E4 /* KMLAbstractGeometry+Location.h */ = {isa = PBXFileReference; fileEncoding = 4; lastKnownFileType = sourcecode.c.h; path = "KMLAbstractGeometry+Location.h"; sourceTree = "<group>"; };
		491F7A05193335A900EF38E4 /* KMLAbstractGeometry+Location.m */ = {isa = PBXFileReference; fileEncoding = 4; lastKnownFileType = sourcecode.c.objc; path = "KMLAbstractGeometry+Location.m"; sourceTree = "<group>"; };
		491F7A071933E67D00EF38E4 /* cs */ = {isa = PBXFileReference; lastKnownFileType = text.plist.strings; name = cs; path = cs.lproj/Main_iPhone.strings; sourceTree = "<group>"; };
		491F7A081933E67E00EF38E4 /* cs */ = {isa = PBXFileReference; lastKnownFileType = text.plist.strings; name = cs; path = cs.lproj/Main_iPad.strings; sourceTree = "<group>"; };
		491F7A091933E67E00EF38E4 /* cs */ = {isa = PBXFileReference; lastKnownFileType = text.plist.strings; name = cs; path = cs.lproj/InfoPlist.strings; sourceTree = "<group>"; };
		491F7A0A1933E67E00EF38E4 /* cs */ = {isa = PBXFileReference; lastKnownFileType = text.plist.strings; name = cs; path = cs.lproj/InfoPlist.strings; sourceTree = "<group>"; };
		491F7A0E1933E7EA00EF38E4 /* en */ = {isa = PBXFileReference; lastKnownFileType = text.plist.strings; name = en; path = en.lproj/Localizable.strings; sourceTree = "<group>"; };
		491F7A101933E7EE00EF38E4 /* Base */ = {isa = PBXFileReference; lastKnownFileType = text.plist.strings; name = Base; path = Base.lproj/Localizable.strings; sourceTree = "<group>"; };
		491F7A111933E7F000EF38E4 /* cs */ = {isa = PBXFileReference; lastKnownFileType = text.plist.strings; name = cs; path = cs.lproj/Localizable.strings; sourceTree = "<group>"; };
		DE76471B414E4395AF679AA4 /* Pods.xcconfig */ = {isa = PBXFileReference; includeInIndex = 1; lastKnownFileType = text.xcconfig; name = Pods.xcconfig; path = Pods/Pods.xcconfig; sourceTree = "<group>"; };
		F049A75A63C04208842ED796 /* libPods.a */ = {isa = PBXFileReference; explicitFileType = archive.ar; includeInIndex = 0; path = libPods.a; sourceTree = BUILT_PRODUCTS_DIR; };
/* End PBXFileReference section */

/* Begin PBXFrameworksBuildPhase section */
		491F79931932789D00EF38E4 /* Frameworks */ = {
			isa = PBXFrameworksBuildPhase;
			buildActionMask = 2147483647;
			files = (
				491F79FA1932805D00EF38E4 /* MapKit.framework in Frameworks */,
				491F799C1932789D00EF38E4 /* CoreGraphics.framework in Frameworks */,
				491F799E1932789D00EF38E4 /* UIKit.framework in Frameworks */,
				491F799A1932789D00EF38E4 /* Foundation.framework in Frameworks */,
				CB7F75D478B74CEE9A577825 /* libPods.a in Frameworks */,
			);
			runOnlyForDeploymentPostprocessing = 0;
		};
		491F79B71932789D00EF38E4 /* Frameworks */ = {
			isa = PBXFrameworksBuildPhase;
			buildActionMask = 2147483647;
			files = (
				491F79BC1932789D00EF38E4 /* XCTest.framework in Frameworks */,
				491F79BE1932789D00EF38E4 /* UIKit.framework in Frameworks */,
				491F79BD1932789D00EF38E4 /* Foundation.framework in Frameworks */,
			);
			runOnlyForDeploymentPostprocessing = 0;
		};
/* End PBXFrameworksBuildPhase section */

/* Begin PBXGroup section */
		491F798D1932789D00EF38E4 = {
			isa = PBXGroup;
			children = (
				491F799F1932789D00EF38E4 /* Rekola */,
				491F79A01932789D00EF38E4 /* Supporting Files */,
				491F79D119327A3400EF38E4 /* Resources */,
				491F79C11932789D00EF38E4 /* RekolaTests */,
				491F79981932789D00EF38E4 /* Frameworks */,
				491F79971932789D00EF38E4 /* Products */,
				DE76471B414E4395AF679AA4 /* Pods.xcconfig */,
			);
			sourceTree = "<group>";
		};
		491F79971932789D00EF38E4 /* Products */ = {
			isa = PBXGroup;
			children = (
				491F79961932789D00EF38E4 /* Find Rekola.app */,
				491F79BA1932789D00EF38E4 /* Find RekolaTests.xctest */,
			);
			name = Products;
			sourceTree = "<group>";
		};
		491F79981932789D00EF38E4 /* Frameworks */ = {
			isa = PBXGroup;
			children = (
				491F79F91932805D00EF38E4 /* MapKit.framework */,
				491F79991932789D00EF38E4 /* Foundation.framework */,
				491F799B1932789D00EF38E4 /* CoreGraphics.framework */,
				491F799D1932789D00EF38E4 /* UIKit.framework */,
				491F79BB1932789D00EF38E4 /* XCTest.framework */,
				F049A75A63C04208842ED796 /* libPods.a */,
			);
			name = Frameworks;
			sourceTree = "<group>";
		};
		491F799F1932789D00EF38E4 /* Rekola */ = {
			isa = PBXGroup;
			children = (
				491F79A81932789D00EF38E4 /* AppDelegate.h */,
				491F79A91932789D00EF38E4 /* AppDelegate.m */,
				491F79D319327AB500EF38E4 /* Screens */,
				491F7A031933355400EF38E4 /* Additions */,
				491F79D419327B0F00EF38E4 /* KML+MapKit */,
				491F79E219327B0F00EF38E4 /* MKMap+KML */,
			);
			path = Rekola;
			sourceTree = "<group>";
		};
		491F79A01932789D00EF38E4 /* Supporting Files */ = {
			isa = PBXGroup;
			children = (
				491F79A11932789D00EF38E4 /* Find Rekola-Info.plist */,
				491F79A21932789D00EF38E4 /* InfoPlist.strings */,
				491F79A51932789D00EF38E4 /* main.m */,
				491F79A71932789D00EF38E4 /* Find Rekola-Prefix.pch */,
				491F7A0F1933E7EA00EF38E4 /* Localizable.strings */,
			);
			name = "Supporting Files";
			path = Rekola;
			sourceTree = "<group>";
		};
		491F79C11932789D00EF38E4 /* RekolaTests */ = {
			isa = PBXGroup;
			children = (
				491F79C71932789D00EF38E4 /* RekolaTests.m */,
				491F79C21932789D00EF38E4 /* Supporting Files */,
			);
			path = RekolaTests;
			sourceTree = "<group>";
		};
		491F79C21932789D00EF38E4 /* Supporting Files */ = {
			isa = PBXGroup;
			children = (
				491F79C31932789D00EF38E4 /* Find RekolaTests-Info.plist */,
				491F79C41932789D00EF38E4 /* InfoPlist.strings */,
			);
			name = "Supporting Files";
			sourceTree = "<group>";
		};
		491F79D119327A3400EF38E4 /* Resources */ = {
			isa = PBXGroup;
			children = (
				491F79D219327A4700EF38E4 /* UI */,
			);
			name = Resources;
			sourceTree = "<group>";
		};
		491F79D219327A4700EF38E4 /* UI */ = {
			isa = PBXGroup;
			children = (
				491F79AB1932789D00EF38E4 /* Main_iPhone.storyboard */,
				491F79AE1932789D00EF38E4 /* Main_iPad.storyboard */,
				491F79B41932789D00EF38E4 /* Images.xcassets */,
			);
			name = UI;
			sourceTree = "<group>";
		};
		491F79D319327AB500EF38E4 /* Screens */ = {
			isa = PBXGroup;
			children = (
				491F79FB1932806F00EF38E4 /* Nearby bikes */,
				491F79FF1933313B00EF38E4 /* Bike detail */,
			);
			name = Screens;
			sourceTree = "<group>";
		};
		491F79D419327B0F00EF38E4 /* KML+MapKit */ = {
			isa = PBXGroup;
			children = (
				491F79D519327B0F00EF38E4 /* KML+MapKit.h */,
				491F79D619327B0F00EF38E4 /* KMLAbstractGeometry+MapKit.h */,
				491F79D719327B0F00EF38E4 /* KMLAbstractGeometry+MapKit.m */,
				491F79D819327B0F00EF38E4 /* KMLLineString+MapKit.h */,
				491F79D919327B0F00EF38E4 /* KMLLineString+MapKit.m */,
				491F79DA19327B0F00EF38E4 /* KMLPlacemark+MapKit.h */,
				491F79DB19327B0F00EF38E4 /* KMLPlacemark+MapKit.m */,
				491F79DC19327B0F00EF38E4 /* KMLPoint+MapKit.h */,
				491F79DD19327B0F00EF38E4 /* KMLPoint+MapKit.m */,
				491F79DE19327B0F00EF38E4 /* KMLPolygon+MapKit.h */,
				491F79DF19327B0F00EF38E4 /* KMLPolygon+MapKit.m */,
				491F79E019327B0F00EF38E4 /* KMLRoot+MapKit.h */,
				491F79E119327B0F00EF38E4 /* KMLRoot+MapKit.m */,
			);
			path = "KML+MapKit";
			sourceTree = "<group>";
		};
		491F79E219327B0F00EF38E4 /* MKMap+KML */ = {
			isa = PBXGroup;
			children = (
				491F79E319327B0F00EF38E4 /* MKAnnotationView+KML.h */,
				491F79E419327B0F00EF38E4 /* MKAnnotationView+KML.m */,
				491F79E519327B0F00EF38E4 /* MKMap+KML.h */,
				491F79E619327B0F00EF38E4 /* MKOverlayView+KML.h */,
				491F79E719327B0F00EF38E4 /* MKOverlayView+KML.m */,
				491F79E819327B0F00EF38E4 /* MKPolygonView+KML.h */,
				491F79E919327B0F00EF38E4 /* MKPolygonView+KML.m */,
				491F79EA19327B0F00EF38E4 /* MKPolylineView+KML.h */,
				491F79EB19327B0F00EF38E4 /* MKPolylineView+KML.m */,
				491F79EC19327B0F00EF38E4 /* MKShape+KML.h */,
				491F79ED19327B0F00EF38E4 /* MKShape+KML.m */,
			);
			path = "MKMap+KML";
			sourceTree = "<group>";
		};
		491F79FB1932806F00EF38E4 /* Nearby bikes */ = {
			isa = PBXGroup;
			children = (
				491F79B11932789D00EF38E4 /* NearbyBikesViewController.h */,
				491F79B21932789D00EF38E4 /* NearbyBikesViewController.m */,
				491F79FC1932809900EF38E4 /* NearbyBikeCell.h */,
				491F79FD1932809900EF38E4 /* NearbyBikeCell.m */,
			);
			name = "Nearby bikes";
			sourceTree = "<group>";
		};
		491F79FF1933313B00EF38E4 /* Bike detail */ = {
			isa = PBXGroup;
			children = (
				491F7A001933319500EF38E4 /* BikeDetailViewController.h */,
				491F7A011933319500EF38E4 /* BikeDetailViewController.m */,
			);
			name = "Bike detail";
			sourceTree = "<group>";
		};
		491F7A031933355400EF38E4 /* Additions */ = {
			isa = PBXGroup;
			children = (
				491F7A04193335A900EF38E4 /* KMLAbstractGeometry+Location.h */,
				491F7A05193335A900EF38E4 /* KMLAbstractGeometry+Location.m */,
			);
			name = Additions;
			sourceTree = "<group>";
		};
/* End PBXGroup section */

/* Begin PBXNativeTarget section */
		491F79951932789D00EF38E4 /* Find Rekola */ = {
			isa = PBXNativeTarget;
			buildConfigurationList = 491F79CB1932789E00EF38E4 /* Build configuration list for PBXNativeTarget "Find Rekola" */;
			buildPhases = (
				563EF268C2894D44A1750584 /* Check Pods Manifest.lock */,
				491F79921932789D00EF38E4 /* Sources */,
				491F79931932789D00EF38E4 /* Frameworks */,
				491F79941932789D00EF38E4 /* Resources */,
				9B60FAF55C984D028F9AB23F /* Copy Pods Resources */,
			);
			buildRules = (
			);
			dependencies = (
			);
			name = "Find Rekola";
			productName = Rekola;
			productReference = 491F79961932789D00EF38E4 /* Find Rekola.app */;
			productType = "com.apple.product-type.application";
		};
		491F79B91932789D00EF38E4 /* Find RekolaTests */ = {
			isa = PBXNativeTarget;
			buildConfigurationList = 491F79CE1932789E00EF38E4 /* Build configuration list for PBXNativeTarget "Find RekolaTests" */;
			buildPhases = (
				491F79B61932789D00EF38E4 /* Sources */,
				491F79B71932789D00EF38E4 /* Frameworks */,
				491F79B81932789D00EF38E4 /* Resources */,
			);
			buildRules = (
			);
			dependencies = (
				491F79C01932789D00EF38E4 /* PBXTargetDependency */,
			);
			name = "Find RekolaTests";
			productName = RekolaTests;
			productReference = 491F79BA1932789D00EF38E4 /* Find RekolaTests.xctest */;
			productType = "com.apple.product-type.bundle.unit-test";
		};
/* End PBXNativeTarget section */

/* Begin PBXProject section */
		491F798E1932789D00EF38E4 /* Project object */ = {
			isa = PBXProject;
			attributes = {
				LastUpgradeCheck = 0510;
				ORGANIZATIONNAME = "Jiri Urbasek";
				TargetAttributes = {
					491F79B91932789D00EF38E4 = {
						TestTargetID = 491F79951932789D00EF38E4;
					};
				};
			};
			buildConfigurationList = 491F79911932789D00EF38E4 /* Build configuration list for PBXProject "Find Rekola" */;
			compatibilityVersion = "Xcode 3.2";
			developmentRegion = English;
			hasScannedForEncodings = 0;
			knownRegions = (
				en,
				Base,
				cs,
			);
			mainGroup = 491F798D1932789D00EF38E4;
			productRefGroup = 491F79971932789D00EF38E4 /* Products */;
			projectDirPath = "";
			projectRoot = "";
			targets = (
				491F79951932789D00EF38E4 /* Find Rekola */,
				491F79B91932789D00EF38E4 /* Find RekolaTests */,
			);
		};
/* End PBXProject section */

/* Begin PBXResourcesBuildPhase section */
		491F79941932789D00EF38E4 /* Resources */ = {
			isa = PBXResourcesBuildPhase;
			buildActionMask = 2147483647;
			files = (
				491F7A0D1933E7EA00EF38E4 /* Localizable.strings in Resources */,
				491F79B01932789D00EF38E4 /* Main_iPad.storyboard in Resources */,
				491F79B51932789D00EF38E4 /* Images.xcassets in Resources */,
				491F79AD1932789D00EF38E4 /* Main_iPhone.storyboard in Resources */,
				491F79A41932789D00EF38E4 /* InfoPlist.strings in Resources */,
			);
			runOnlyForDeploymentPostprocessing = 0;
		};
		491F79B81932789D00EF38E4 /* Resources */ = {
			isa = PBXResourcesBuildPhase;
			buildActionMask = 2147483647;
			files = (
				491F79C61932789D00EF38E4 /* InfoPlist.strings in Resources */,
			);
			runOnlyForDeploymentPostprocessing = 0;
		};
/* End PBXResourcesBuildPhase section */

/* Begin PBXShellScriptBuildPhase section */
		563EF268C2894D44A1750584 /* Check Pods Manifest.lock */ = {
			isa = PBXShellScriptBuildPhase;
			buildActionMask = 2147483647;
			files = (
			);
			inputPaths = (
			);
			name = "Check Pods Manifest.lock";
			outputPaths = (
			);
			runOnlyForDeploymentPostprocessing = 0;
			shellPath = /bin/sh;
			shellScript = "diff \"${PODS_ROOT}/../Podfile.lock\" \"${PODS_ROOT}/Manifest.lock\" > /dev/null\nif [[ $? != 0 ]] ; then\n    cat << EOM\nerror: The sandbox is not in sync with the Podfile.lock. Run 'pod install' or update your CocoaPods installation.\nEOM\n    exit 1\nfi\n";
			showEnvVarsInLog = 0;
		};
		9B60FAF55C984D028F9AB23F /* Copy Pods Resources */ = {
			isa = PBXShellScriptBuildPhase;
			buildActionMask = 2147483647;
			files = (
			);
			inputPaths = (
			);
			name = "Copy Pods Resources";
			outputPaths = (
			);
			runOnlyForDeploymentPostprocessing = 0;
			shellPath = /bin/sh;
			shellScript = "\"${SRCROOT}/Pods/Pods-resources.sh\"\n";
			showEnvVarsInLog = 0;
		};
/* End PBXShellScriptBuildPhase section */

/* Begin PBXSourcesBuildPhase section */
		491F79921932789D00EF38E4 /* Sources */ = {
			isa = PBXSourcesBuildPhase;
			buildActionMask = 2147483647;
			files = (
				491F79F719327B0F00EF38E4 /* MKPolylineView+KML.m in Sources */,
				491F7A06193335A900EF38E4 /* KMLAbstractGeometry+Location.m in Sources */,
				491F79EE19327B0F00EF38E4 /* KMLAbstractGeometry+MapKit.m in Sources */,
				491F7A021933319500EF38E4 /* BikeDetailViewController.m in Sources */,
				491F79F019327B0F00EF38E4 /* KMLPlacemark+MapKit.m in Sources */,
				491F79F119327B0F00EF38E4 /* KMLPoint+MapKit.m in Sources */,
				491F79F819327B0F00EF38E4 /* MKShape+KML.m in Sources */,
				491F79F219327B0F00EF38E4 /* KMLPolygon+MapKit.m in Sources */,
				491F79F519327B0F00EF38E4 /* MKOverlayView+KML.m in Sources */,
				491F79F419327B0F00EF38E4 /* MKAnnotationView+KML.m in Sources */,
				491F79EF19327B0F00EF38E4 /* KMLLineString+MapKit.m in Sources */,
				491F79B31932789D00EF38E4 /* NearbyBikesViewController.m in Sources */,
				491F79F619327B0F00EF38E4 /* MKPolygonView+KML.m in Sources */,
				491F79F319327B0F00EF38E4 /* KMLRoot+MapKit.m in Sources */,
				491F79FE1932809900EF38E4 /* NearbyBikeCell.m in Sources */,
				491F79AA1932789D00EF38E4 /* AppDelegate.m in Sources */,
				491F79A61932789D00EF38E4 /* main.m in Sources */,
			);
			runOnlyForDeploymentPostprocessing = 0;
		};
		491F79B61932789D00EF38E4 /* Sources */ = {
			isa = PBXSourcesBuildPhase;
			buildActionMask = 2147483647;
			files = (
				491F79C81932789D00EF38E4 /* RekolaTests.m in Sources */,
			);
			runOnlyForDeploymentPostprocessing = 0;
		};
/* End PBXSourcesBuildPhase section */

/* Begin PBXTargetDependency section */
		491F79C01932789D00EF38E4 /* PBXTargetDependency */ = {
			isa = PBXTargetDependency;
			target = 491F79951932789D00EF38E4 /* Find Rekola */;
			targetProxy = 491F79BF1932789D00EF38E4 /* PBXContainerItemProxy */;
		};
/* End PBXTargetDependency section */

/* Begin PBXVariantGroup section */
		491F79A21932789D00EF38E4 /* InfoPlist.strings */ = {
			isa = PBXVariantGroup;
			children = (
				491F79A31932789D00EF38E4 /* en */,
				491F7A091933E67E00EF38E4 /* cs */,
			);
			name = InfoPlist.strings;
			sourceTree = "<group>";
		};
		491F79AB1932789D00EF38E4 /* Main_iPhone.storyboard */ = {
			isa = PBXVariantGroup;
			children = (
				491F79AC1932789D00EF38E4 /* Base */,
				491F7A071933E67D00EF38E4 /* cs */,
			);
			name = Main_iPhone.storyboard;
			path = Rekola;
			sourceTree = "<group>";
		};
		491F79AE1932789D00EF38E4 /* Main_iPad.storyboard */ = {
			isa = PBXVariantGroup;
			children = (
				491F79AF1932789D00EF38E4 /* Base */,
				491F7A081933E67E00EF38E4 /* cs */,
			);
			name = Main_iPad.storyboard;
			path = Rekola;
			sourceTree = "<group>";
		};
		491F79C41932789D00EF38E4 /* InfoPlist.strings */ = {
			isa = PBXVariantGroup;
			children = (
				491F79C51932789D00EF38E4 /* en */,
				491F7A0A1933E67E00EF38E4 /* cs */,
			);
			name = InfoPlist.strings;
			sourceTree = "<group>";
		};
		491F7A0F1933E7EA00EF38E4 /* Localizable.strings */ = {
			isa = PBXVariantGroup;
			children = (
				491F7A0E1933E7EA00EF38E4 /* en */,
				491F7A101933E7EE00EF38E4 /* Base */,
				491F7A111933E7F000EF38E4 /* cs */,
			);
			name = Localizable.strings;
			sourceTree = "<group>";
		};
/* End PBXVariantGroup section */

/* Begin XCBuildConfiguration section */
		491F79C91932789E00EF38E4 /* Debug */ = {
			isa = XCBuildConfiguration;
			buildSettings = {
				ALWAYS_SEARCH_USER_PATHS = NO;
				CLANG_CXX_LANGUAGE_STANDARD = "gnu++0x";
				CLANG_CXX_LIBRARY = "libc++";
				CLANG_ENABLE_MODULES = YES;
				CLANG_ENABLE_OBJC_ARC = YES;
				CLANG_WARN_BOOL_CONVERSION = YES;
				CLANG_WARN_CONSTANT_CONVERSION = YES;
				CLANG_WARN_DIRECT_OBJC_ISA_USAGE = YES_ERROR;
				CLANG_WARN_EMPTY_BODY = YES;
				CLANG_WARN_ENUM_CONVERSION = YES;
				CLANG_WARN_INT_CONVERSION = YES;
				CLANG_WARN_OBJC_ROOT_CLASS = YES_ERROR;
				CLANG_WARN__DUPLICATE_METHOD_MATCH = YES;
				"CODE_SIGN_IDENTITY[sdk=iphoneos*]" = "iPhone Developer";
				COPY_PHASE_STRIP = NO;
				GCC_C_LANGUAGE_STANDARD = gnu99;
				GCC_DYNAMIC_NO_PIC = NO;
				GCC_OPTIMIZATION_LEVEL = 0;
				GCC_PREPROCESSOR_DEFINITIONS = (
					"DEBUG=1",
					"$(inherited)",
				);
				GCC_SYMBOLS_PRIVATE_EXTERN = NO;
				GCC_WARN_64_TO_32_BIT_CONVERSION = YES;
				GCC_WARN_ABOUT_RETURN_TYPE = YES_ERROR;
				GCC_WARN_UNDECLARED_SELECTOR = YES;
				GCC_WARN_UNINITIALIZED_AUTOS = YES_AGGRESSIVE;
				GCC_WARN_UNUSED_FUNCTION = YES;
				GCC_WARN_UNUSED_VARIABLE = YES;
				IPHONEOS_DEPLOYMENT_TARGET = 7.1;
				ONLY_ACTIVE_ARCH = YES;
				SDKROOT = iphoneos;
				TARGETED_DEVICE_FAMILY = "1,2";
			};
			name = Debug;
		};
		491F79CA1932789E00EF38E4 /* Release */ = {
			isa = XCBuildConfiguration;
			buildSettings = {
				ALWAYS_SEARCH_USER_PATHS = NO;
				CLANG_CXX_LANGUAGE_STANDARD = "gnu++0x";
				CLANG_CXX_LIBRARY = "libc++";
				CLANG_ENABLE_MODULES = YES;
				CLANG_ENABLE_OBJC_ARC = YES;
				CLANG_WARN_BOOL_CONVERSION = YES;
				CLANG_WARN_CONSTANT_CONVERSION = YES;
				CLANG_WARN_DIRECT_OBJC_ISA_USAGE = YES_ERROR;
				CLANG_WARN_EMPTY_BODY = YES;
				CLANG_WARN_ENUM_CONVERSION = YES;
				CLANG_WARN_INT_CONVERSION = YES;
				CLANG_WARN_OBJC_ROOT_CLASS = YES_ERROR;
				CLANG_WARN__DUPLICATE_METHOD_MATCH = YES;
				"CODE_SIGN_IDENTITY[sdk=iphoneos*]" = "iPhone Developer";
				COPY_PHASE_STRIP = YES;
				ENABLE_NS_ASSERTIONS = NO;
				GCC_C_LANGUAGE_STANDARD = gnu99;
				GCC_WARN_64_TO_32_BIT_CONVERSION = YES;
				GCC_WARN_ABOUT_RETURN_TYPE = YES_ERROR;
				GCC_WARN_UNDECLARED_SELECTOR = YES;
				GCC_WARN_UNINITIALIZED_AUTOS = YES_AGGRESSIVE;
				GCC_WARN_UNUSED_FUNCTION = YES;
				GCC_WARN_UNUSED_VARIABLE = YES;
				IPHONEOS_DEPLOYMENT_TARGET = 7.1;
				SDKROOT = iphoneos;
				TARGETED_DEVICE_FAMILY = "1,2";
				VALIDATE_PRODUCT = YES;
			};
			name = Release;
		};
		491F79CC1932789E00EF38E4 /* Debug */ = {
			isa = XCBuildConfiguration;
			baseConfigurationReference = DE76471B414E4395AF679AA4 /* Pods.xcconfig */;
			buildSettings = {
				ASSETCATALOG_COMPILER_APPICON_NAME = AppIcon;
				ASSETCATALOG_COMPILER_LAUNCHIMAGE_NAME = LaunchImage;
				GCC_PRECOMPILE_PREFIX_HEADER = YES;
				GCC_PREFIX_HEADER = "Rekola/Find Rekola-Prefix.pch";
				INFOPLIST_FILE = "Rekola/Find Rekola-Info.plist";
				PRODUCT_NAME = "Find Rekola";
				WRAPPER_EXTENSION = app;
			};
			name = Debug;
		};
		491F79CD1932789E00EF38E4 /* Release */ = {
			isa = XCBuildConfiguration;
			baseConfigurationReference = DE76471B414E4395AF679AA4 /* Pods.xcconfig */;
			buildSettings = {
				ASSETCATALOG_COMPILER_APPICON_NAME = AppIcon;
				ASSETCATALOG_COMPILER_LAUNCHIMAGE_NAME = LaunchImage;
				GCC_PRECOMPILE_PREFIX_HEADER = YES;
				GCC_PREFIX_HEADER = "Rekola/Find Rekola-Prefix.pch";
				INFOPLIST_FILE = "Rekola/Find Rekola-Info.plist";
				PRODUCT_NAME = "Find Rekola";
				WRAPPER_EXTENSION = app;
			};
			name = Release;
		};
		491F79CF1932789E00EF38E4 /* Debug */ = {
			isa = XCBuildConfiguration;
			buildSettings = {
				BUNDLE_LOADER = "$(BUILT_PRODUCTS_DIR)/Rekola.app/Rekola";
				FRAMEWORK_SEARCH_PATHS = (
					"$(SDKROOT)/Developer/Library/Frameworks",
					"$(inherited)",
					"$(DEVELOPER_FRAMEWORKS_DIR)",
				);
				GCC_PRECOMPILE_PREFIX_HEADER = YES;
				GCC_PREFIX_HEADER = "Rekola/Rekola-Prefix.pch";
				GCC_PREPROCESSOR_DEFINITIONS = (
					"DEBUG=1",
					"$(inherited)",
				);
				INFOPLIST_FILE = "RekolaTests/Find RekolaTests-Info.plist";
				PRODUCT_NAME = "Find RekolaTests";
				TEST_HOST = "$(BUNDLE_LOADER)";
				WRAPPER_EXTENSION = xctest;
			};
			name = Debug;
		};
		491F79D01932789E00EF38E4 /* Release */ = {
			isa = XCBuildConfiguration;
			buildSettings = {
				BUNDLE_LOADER = "$(BUILT_PRODUCTS_DIR)/Rekola.app/Rekola";
				FRAMEWORK_SEARCH_PATHS = (
					"$(SDKROOT)/Developer/Library/Frameworks",
					"$(inherited)",
					"$(DEVELOPER_FRAMEWORKS_DIR)",
				);
				GCC_PRECOMPILE_PREFIX_HEADER = YES;
				GCC_PREFIX_HEADER = "Rekola/Rekola-Prefix.pch";
				INFOPLIST_FILE = "RekolaTests/Find RekolaTests-Info.plist";
				PRODUCT_NAME = "Find RekolaTests";
				TEST_HOST = "$(BUNDLE_LOADER)";
				WRAPPER_EXTENSION = xctest;
			};
			name = Release;
		};
/* End XCBuildConfiguration section */

/* Begin XCConfigurationList section */
		491F79911932789D00EF38E4 /* Build configuration list for PBXProject "Find Rekola" */ = {
			isa = XCConfigurationList;
			buildConfigurations = (
				491F79C91932789E00EF38E4 /* Debug */,
				491F79CA1932789E00EF38E4 /* Release */,
			);
			defaultConfigurationIsVisible = 0;
			defaultConfigurationName = Release;
		};
		491F79CB1932789E00EF38E4 /* Build configuration list for PBXNativeTarget "Find Rekola" */ = {
			isa = XCConfigurationList;
			buildConfigurations = (
				491F79CC1932789E00EF38E4 /* Debug */,
				491F79CD1932789E00EF38E4 /* Release */,
			);
			defaultConfigurationIsVisible = 0;
			defaultConfigurationName = Release;
		};
		491F79CE1932789E00EF38E4 /* Build configuration list for PBXNativeTarget "Find RekolaTests" */ = {
			isa = XCConfigurationList;
			buildConfigurations = (
				491F79CF1932789E00EF38E4 /* Debug */,
				491F79D01932789E00EF38E4 /* Release */,
			);
			defaultConfigurationIsVisible = 0;
			defaultConfigurationName = Release;
		};
/* End XCConfigurationList section */
	};
	rootObject = 491F798E1932789D00EF38E4 /* Project object */;
}
